// !$*UTF8*$!
{
	archiveVersion = 1;
	classes = {
	};
	objectVersion = 56;
	objects = {

/* Begin PBXBuildFile section */
		EDA5DF1265D266455C85DE61 /* Pods_inmetrics_challenge.framework in Frameworks */ = {isa = PBXBuildFile; fileRef = 24726615C9CA51272859F128 /* Pods_inmetrics_challenge.framework */; };
		F20970522A27AA530002B39C /* UserViewModel.swift in Sources */ = {isa = PBXBuildFile; fileRef = F20970512A27AA530002B39C /* UserViewModel.swift */; };
		F20970552A27AD630002B39C /* UserListTableViewCell.swift in Sources */ = {isa = PBXBuildFile; fileRef = F20970542A27AD630002B39C /* UserListTableViewCell.swift */; };
		F25272062A27050100D02EE0 /* UserService.swift in Sources */ = {isa = PBXBuildFile; fileRef = F25272052A27050100D02EE0 /* UserService.swift */; };
		F25272092A270C1C00D02EE0 /* User.swift in Sources */ = {isa = PBXBuildFile; fileRef = F25272082A270C1C00D02EE0 /* User.swift */; };
		F29F1CF32A26931000319E4C /* AppDelegate.swift in Sources */ = {isa = PBXBuildFile; fileRef = F29F1CF22A26931000319E4C /* AppDelegate.swift */; };
		F29F1CF52A26931000319E4C /* SceneDelegate.swift in Sources */ = {isa = PBXBuildFile; fileRef = F29F1CF42A26931000319E4C /* SceneDelegate.swift */; };
		F29F1CF72A26931000319E4C /* UserListViewController.swift in Sources */ = {isa = PBXBuildFile; fileRef = F29F1CF62A26931000319E4C /* UserListViewController.swift */; };
		F29F1CFC2A26931200319E4C /* Assets.xcassets in Resources */ = {isa = PBXBuildFile; fileRef = F29F1CFB2A26931200319E4C /* Assets.xcassets */; };
		F29F1CFF2A26931200319E4C /* LaunchScreen.storyboard in Resources */ = {isa = PBXBuildFile; fileRef = F29F1CFD2A26931200319E4C /* LaunchScreen.storyboard */; };
		F29F1D0A2A26931300319E4C /* inmetrics_challengeTests.swift in Sources */ = {isa = PBXBuildFile; fileRef = F29F1D092A26931300319E4C /* inmetrics_challengeTests.swift */; };
		F29F1D142A26931300319E4C /* inmetrics_challengeUITests.swift in Sources */ = {isa = PBXBuildFile; fileRef = F29F1D132A26931300319E4C /* inmetrics_challengeUITests.swift */; };
		F29F1D162A26931300319E4C /* inmetrics_challengeUITestsLaunchTests.swift in Sources */ = {isa = PBXBuildFile; fileRef = F29F1D152A26931300319E4C /* inmetrics_challengeUITestsLaunchTests.swift */; };
/* End PBXBuildFile section */

/* Begin PBXContainerItemProxy section */
		F29F1D062A26931300319E4C /* PBXContainerItemProxy */ = {
			isa = PBXContainerItemProxy;
			containerPortal = F29F1CE72A26931000319E4C /* Project object */;
			proxyType = 1;
			remoteGlobalIDString = F29F1CEE2A26931000319E4C;
			remoteInfo = "inmetrics-challenge";
		};
		F29F1D102A26931300319E4C /* PBXContainerItemProxy */ = {
			isa = PBXContainerItemProxy;
			containerPortal = F29F1CE72A26931000319E4C /* Project object */;
			proxyType = 1;
			remoteGlobalIDString = F29F1CEE2A26931000319E4C;
			remoteInfo = "inmetrics-challenge";
		};
/* End PBXContainerItemProxy section */

/* Begin PBXFileReference section */
		24726615C9CA51272859F128 /* Pods_inmetrics_challenge.framework */ = {isa = PBXFileReference; explicitFileType = wrapper.framework; includeInIndex = 0; path = Pods_inmetrics_challenge.framework; sourceTree = BUILT_PRODUCTS_DIR; };
		3273482CC9596AFC3FA17491 /* Pods-inmetrics-challenge.release.xcconfig */ = {isa = PBXFileReference; includeInIndex = 1; lastKnownFileType = text.xcconfig; name = "Pods-inmetrics-challenge.release.xcconfig"; path = "Target Support Files/Pods-inmetrics-challenge/Pods-inmetrics-challenge.release.xcconfig"; sourceTree = "<group>"; };
		6D723095C5C55022DFB4C78E /* Pods-inmetrics-challenge.debug.xcconfig */ = {isa = PBXFileReference; includeInIndex = 1; lastKnownFileType = text.xcconfig; name = "Pods-inmetrics-challenge.debug.xcconfig"; path = "Target Support Files/Pods-inmetrics-challenge/Pods-inmetrics-challenge.debug.xcconfig"; sourceTree = "<group>"; };
		F20970512A27AA530002B39C /* UserViewModel.swift */ = {isa = PBXFileReference; lastKnownFileType = sourcecode.swift; path = UserViewModel.swift; sourceTree = "<group>"; };
		F20970542A27AD630002B39C /* UserListTableViewCell.swift */ = {isa = PBXFileReference; lastKnownFileType = sourcecode.swift; path = UserListTableViewCell.swift; sourceTree = "<group>"; };
		F25272052A27050100D02EE0 /* UserService.swift */ = {isa = PBXFileReference; lastKnownFileType = sourcecode.swift; path = UserService.swift; sourceTree = "<group>"; };
		F25272082A270C1C00D02EE0 /* User.swift */ = {isa = PBXFileReference; lastKnownFileType = sourcecode.swift; path = User.swift; sourceTree = "<group>"; };
		F29F1CEF2A26931000319E4C /* inmetrics-challenge.app */ = {isa = PBXFileReference; explicitFileType = wrapper.application; includeInIndex = 0; path = "inmetrics-challenge.app"; sourceTree = BUILT_PRODUCTS_DIR; };
		F29F1CF22A26931000319E4C /* AppDelegate.swift */ = {isa = PBXFileReference; lastKnownFileType = sourcecode.swift; path = AppDelegate.swift; sourceTree = "<group>"; };
		F29F1CF42A26931000319E4C /* SceneDelegate.swift */ = {isa = PBXFileReference; lastKnownFileType = sourcecode.swift; path = SceneDelegate.swift; sourceTree = "<group>"; };
		F29F1CF62A26931000319E4C /* UserListViewController.swift */ = {isa = PBXFileReference; lastKnownFileType = sourcecode.swift; path = UserListViewController.swift; sourceTree = "<group>"; };
		F29F1CFB2A26931200319E4C /* Assets.xcassets */ = {isa = PBXFileReference; lastKnownFileType = folder.assetcatalog; path = Assets.xcassets; sourceTree = "<group>"; };
		F29F1CFE2A26931200319E4C /* Base */ = {isa = PBXFileReference; lastKnownFileType = file.storyboard; name = Base; path = Base.lproj/LaunchScreen.storyboard; sourceTree = "<group>"; };
		F29F1D002A26931200319E4C /* Info.plist */ = {isa = PBXFileReference; lastKnownFileType = text.plist.xml; path = Info.plist; sourceTree = "<group>"; };
		F29F1D052A26931300319E4C /* inmetrics-challengeTests.xctest */ = {isa = PBXFileReference; explicitFileType = wrapper.cfbundle; includeInIndex = 0; path = "inmetrics-challengeTests.xctest"; sourceTree = BUILT_PRODUCTS_DIR; };
		F29F1D092A26931300319E4C /* inmetrics_challengeTests.swift */ = {isa = PBXFileReference; lastKnownFileType = sourcecode.swift; path = inmetrics_challengeTests.swift; sourceTree = "<group>"; };
		F29F1D0F2A26931300319E4C /* inmetrics-challengeUITests.xctest */ = {isa = PBXFileReference; explicitFileType = wrapper.cfbundle; includeInIndex = 0; path = "inmetrics-challengeUITests.xctest"; sourceTree = BUILT_PRODUCTS_DIR; };
		F29F1D132A26931300319E4C /* inmetrics_challengeUITests.swift */ = {isa = PBXFileReference; lastKnownFileType = sourcecode.swift; path = inmetrics_challengeUITests.swift; sourceTree = "<group>"; };
		F29F1D152A26931300319E4C /* inmetrics_challengeUITestsLaunchTests.swift */ = {isa = PBXFileReference; lastKnownFileType = sourcecode.swift; path = inmetrics_challengeUITestsLaunchTests.swift; sourceTree = "<group>"; };
/* End PBXFileReference section */

/* Begin PBXFrameworksBuildPhase section */
		F29F1CEC2A26931000319E4C /* Frameworks */ = {
			isa = PBXFrameworksBuildPhase;
			buildActionMask = 2147483647;
			files = (
				EDA5DF1265D266455C85DE61 /* Pods_inmetrics_challenge.framework in Frameworks */,
			);
			runOnlyForDeploymentPostprocessing = 0;
		};
		F29F1D022A26931300319E4C /* Frameworks */ = {
			isa = PBXFrameworksBuildPhase;
			buildActionMask = 2147483647;
			files = (
			);
			runOnlyForDeploymentPostprocessing = 0;
		};
		F29F1D0C2A26931300319E4C /* Frameworks */ = {
			isa = PBXFrameworksBuildPhase;
			buildActionMask = 2147483647;
			files = (
			);
			runOnlyForDeploymentPostprocessing = 0;
		};
/* End PBXFrameworksBuildPhase section */

/* Begin PBXGroup section */
		38D4FE86A7622C1F8B1DA411 /* Pods */ = {
			isa = PBXGroup;
			children = (
				6D723095C5C55022DFB4C78E /* Pods-inmetrics-challenge.debug.xcconfig */,
				3273482CC9596AFC3FA17491 /* Pods-inmetrics-challenge.release.xcconfig */,
			);
			name = Pods;
			path = Pods;
			sourceTree = "<group>";
		};
		4FAF57E00020E05586B9A1AB /* Frameworks */ = {
			isa = PBXGroup;
			children = (
				24726615C9CA51272859F128 /* Pods_inmetrics_challenge.framework */,
			);
			name = Frameworks;
			sourceTree = "<group>";
		};
		F209704F2A27AA3C0002B39C /* ViewModel */ = {
			isa = PBXGroup;
			children = (
				F20970512A27AA530002B39C /* UserViewModel.swift */,
			);
			path = ViewModel;
			sourceTree = "<group>";
		};
		F20970502A27AA420002B39C /* Controllers */ = {
			isa = PBXGroup;
			children = (
				F20970532A27AD410002B39C /* Cell */,
				F29F1CF62A26931000319E4C /* UserListViewController.swift */,
			);
			path = Controllers;
			sourceTree = "<group>";
		};
		F20970532A27AD410002B39C /* Cell */ = {
			isa = PBXGroup;
			children = (
				F20970542A27AD630002B39C /* UserListTableViewCell.swift */,
			);
			path = Cell;
			sourceTree = "<group>";
		};
		F25272042A2704E000D02EE0 /* Service */ = {
			isa = PBXGroup;
			children = (
				F25272052A27050100D02EE0 /* UserService.swift */,
			);
			path = Service;
			sourceTree = "<group>";
		};
		F25272072A270C1000D02EE0 /* Model */ = {
			isa = PBXGroup;
			children = (
				F25272082A270C1C00D02EE0 /* User.swift */,
			);
			path = Model;
			sourceTree = "<group>";
		};
		F29F1CE62A26931000319E4C = {
			isa = PBXGroup;
			children = (
				F29F1CF12A26931000319E4C /* inmetrics-challenge */,
				F29F1D082A26931300319E4C /* inmetrics-challengeTests */,
				F29F1D122A26931300319E4C /* inmetrics-challengeUITests */,
				F29F1CF02A26931000319E4C /* Products */,
				38D4FE86A7622C1F8B1DA411 /* Pods */,
				4FAF57E00020E05586B9A1AB /* Frameworks */,
			);
			sourceTree = "<group>";
		};
		F29F1CF02A26931000319E4C /* Products */ = {
			isa = PBXGroup;
			children = (
				F29F1CEF2A26931000319E4C /* inmetrics-challenge.app */,
				F29F1D052A26931300319E4C /* inmetrics-challengeTests.xctest */,
				F29F1D0F2A26931300319E4C /* inmetrics-challengeUITests.xctest */,
			);
			name = Products;
			sourceTree = "<group>";
		};
		F29F1CF12A26931000319E4C /* inmetrics-challenge */ = {
			isa = PBXGroup;
			children = (
				F20970502A27AA420002B39C /* Controllers */,
				F209704F2A27AA3C0002B39C /* ViewModel */,
				F25272072A270C1000D02EE0 /* Model */,
				F25272042A2704E000D02EE0 /* Service */,
				F29F1CF22A26931000319E4C /* AppDelegate.swift */,
				F29F1CF42A26931000319E4C /* SceneDelegate.swift */,
				F29F1CFB2A26931200319E4C /* Assets.xcassets */,
				F29F1CFD2A26931200319E4C /* LaunchScreen.storyboard */,
				F29F1D002A26931200319E4C /* Info.plist */,
			);
			path = "inmetrics-challenge";
			sourceTree = "<group>";
		};
		F29F1D082A26931300319E4C /* inmetrics-challengeTests */ = {
			isa = PBXGroup;
			children = (
				F29F1D092A26931300319E4C /* inmetrics_challengeTests.swift */,
			);
			path = "inmetrics-challengeTests";
			sourceTree = "<group>";
		};
		F29F1D122A26931300319E4C /* inmetrics-challengeUITests */ = {
			isa = PBXGroup;
			children = (
				F29F1D132A26931300319E4C /* inmetrics_challengeUITests.swift */,
				F29F1D152A26931300319E4C /* inmetrics_challengeUITestsLaunchTests.swift */,
			);
			path = "inmetrics-challengeUITests";
			sourceTree = "<group>";
		};
/* End PBXGroup section */

/* Begin PBXNativeTarget section */
		F29F1CEE2A26931000319E4C /* inmetrics-challenge */ = {
			isa = PBXNativeTarget;
			buildConfigurationList = F29F1D192A26931300319E4C /* Build configuration list for PBXNativeTarget "inmetrics-challenge" */;
			buildPhases = (
				DC4BA31E4C70CDF8CE4A4CA5 /* [CP] Check Pods Manifest.lock */,
				F29F1CEB2A26931000319E4C /* Sources */,
				F29F1CEC2A26931000319E4C /* Frameworks */,
				F29F1CED2A26931000319E4C /* Resources */,
				06B7082F2E2008C1A3FA78AB /* [CP] Embed Pods Frameworks */,
			);
			buildRules = (
			);
			dependencies = (
			);
			name = "inmetrics-challenge";
			productName = "inmetrics-challenge";
			productReference = F29F1CEF2A26931000319E4C /* inmetrics-challenge.app */;
			productType = "com.apple.product-type.application";
		};
		F29F1D042A26931300319E4C /* inmetrics-challengeTests */ = {
			isa = PBXNativeTarget;
			buildConfigurationList = F29F1D1C2A26931300319E4C /* Build configuration list for PBXNativeTarget "inmetrics-challengeTests" */;
			buildPhases = (
				F29F1D012A26931300319E4C /* Sources */,
				F29F1D022A26931300319E4C /* Frameworks */,
				F29F1D032A26931300319E4C /* Resources */,
			);
			buildRules = (
			);
			dependencies = (
				F29F1D072A26931300319E4C /* PBXTargetDependency */,
			);
			name = "inmetrics-challengeTests";
			productName = "inmetrics-challengeTests";
			productReference = F29F1D052A26931300319E4C /* inmetrics-challengeTests.xctest */;
			productType = "com.apple.product-type.bundle.unit-test";
		};
		F29F1D0E2A26931300319E4C /* inmetrics-challengeUITests */ = {
			isa = PBXNativeTarget;
			buildConfigurationList = F29F1D1F2A26931300319E4C /* Build configuration list for PBXNativeTarget "inmetrics-challengeUITests" */;
			buildPhases = (
				F29F1D0B2A26931300319E4C /* Sources */,
				F29F1D0C2A26931300319E4C /* Frameworks */,
				F29F1D0D2A26931300319E4C /* Resources */,
			);
			buildRules = (
			);
			dependencies = (
				F29F1D112A26931300319E4C /* PBXTargetDependency */,
			);
			name = "inmetrics-challengeUITests";
			productName = "inmetrics-challengeUITests";
			productReference = F29F1D0F2A26931300319E4C /* inmetrics-challengeUITests.xctest */;
			productType = "com.apple.product-type.bundle.ui-testing";
		};
/* End PBXNativeTarget section */

/* Begin PBXProject section */
		F29F1CE72A26931000319E4C /* Project object */ = {
			isa = PBXProject;
			attributes = {
				BuildIndependentTargetsInParallel = 1;
				LastSwiftUpdateCheck = 1420;
				LastUpgradeCheck = 1420;
				TargetAttributes = {
					F29F1CEE2A26931000319E4C = {
						CreatedOnToolsVersion = 14.2;
					};
					F29F1D042A26931300319E4C = {
						CreatedOnToolsVersion = 14.2;
						TestTargetID = F29F1CEE2A26931000319E4C;
					};
					F29F1D0E2A26931300319E4C = {
						CreatedOnToolsVersion = 14.2;
						TestTargetID = F29F1CEE2A26931000319E4C;
					};
				};
			};
			buildConfigurationList = F29F1CEA2A26931000319E4C /* Build configuration list for PBXProject "inmetrics-challenge" */;
			compatibilityVersion = "Xcode 14.0";
			developmentRegion = en;
			hasScannedForEncodings = 0;
			knownRegions = (
				en,
				Base,
			);
			mainGroup = F29F1CE62A26931000319E4C;
			productRefGroup = F29F1CF02A26931000319E4C /* Products */;
			projectDirPath = "";
			projectRoot = "";
			targets = (
				F29F1CEE2A26931000319E4C /* inmetrics-challenge */,
				F29F1D042A26931300319E4C /* inmetrics-challengeTests */,
				F29F1D0E2A26931300319E4C /* inmetrics-challengeUITests */,
			);
		};
/* End PBXProject section */

/* Begin PBXResourcesBuildPhase section */
		F29F1CED2A26931000319E4C /* Resources */ = {
			isa = PBXResourcesBuildPhase;
			buildActionMask = 2147483647;
			files = (
				F29F1CFF2A26931200319E4C /* LaunchScreen.storyboard in Resources */,
				F29F1CFC2A26931200319E4C /* Assets.xcassets in Resources */,
			);
			runOnlyForDeploymentPostprocessing = 0;
		};
		F29F1D032A26931300319E4C /* Resources */ = {
			isa = PBXResourcesBuildPhase;
			buildActionMask = 2147483647;
			files = (
			);
			runOnlyForDeploymentPostprocessing = 0;
		};
		F29F1D0D2A26931300319E4C /* Resources */ = {
			isa = PBXResourcesBuildPhase;
			buildActionMask = 2147483647;
			files = (
			);
			runOnlyForDeploymentPostprocessing = 0;
		};
/* End PBXResourcesBuildPhase section */

/* Begin PBXShellScriptBuildPhase section */
		06B7082F2E2008C1A3FA78AB /* [CP] Embed Pods Frameworks */ = {
			isa = PBXShellScriptBuildPhase;
			buildActionMask = 2147483647;
			files = (
			);
			inputFileListPaths = (
				"${PODS_ROOT}/Target Support Files/Pods-inmetrics-challenge/Pods-inmetrics-challenge-frameworks-${CONFIGURATION}-input-files.xcfilelist",
			);
			name = "[CP] Embed Pods Frameworks";
			outputFileListPaths = (
				"${PODS_ROOT}/Target Support Files/Pods-inmetrics-challenge/Pods-inmetrics-challenge-frameworks-${CONFIGURATION}-output-files.xcfilelist",
			);
			runOnlyForDeploymentPostprocessing = 0;
			shellPath = /bin/sh;
			shellScript = "\"${PODS_ROOT}/Target Support Files/Pods-inmetrics-challenge/Pods-inmetrics-challenge-frameworks.sh\"\n";
			showEnvVarsInLog = 0;
		};
		DC4BA31E4C70CDF8CE4A4CA5 /* [CP] Check Pods Manifest.lock */ = {
			isa = PBXShellScriptBuildPhase;
			buildActionMask = 2147483647;
			files = (
			);
			inputFileListPaths = (
			);
			inputPaths = (
				"${PODS_PODFILE_DIR_PATH}/Podfile.lock",
				"${PODS_ROOT}/Manifest.lock",
			);
			name = "[CP] Check Pods Manifest.lock";
			outputFileListPaths = (
			);
			outputPaths = (
				"$(DERIVED_FILE_DIR)/Pods-inmetrics-challenge-checkManifestLockResult.txt",
			);
			runOnlyForDeploymentPostprocessing = 0;
			shellPath = /bin/sh;
			shellScript = "diff \"${PODS_PODFILE_DIR_PATH}/Podfile.lock\" \"${PODS_ROOT}/Manifest.lock\" > /dev/null\nif [ $? != 0 ] ; then\n    # print error to STDERR\n    echo \"error: The sandbox is not in sync with the Podfile.lock. Run 'pod install' or update your CocoaPods installation.\" >&2\n    exit 1\nfi\n# This output is used by Xcode 'outputs' to avoid re-running this script phase.\necho \"SUCCESS\" > \"${SCRIPT_OUTPUT_FILE_0}\"\n";
			showEnvVarsInLog = 0;
		};
/* End PBXShellScriptBuildPhase section */

/* Begin PBXSourcesBuildPhase section */
		F29F1CEB2A26931000319E4C /* Sources */ = {
			isa = PBXSourcesBuildPhase;
			buildActionMask = 2147483647;
			files = (
				F25272062A27050100D02EE0 /* UserService.swift in Sources */,
				F20970522A27AA530002B39C /* UserViewModel.swift in Sources */,
				F29F1CF72A26931000319E4C /* UserListViewController.swift in Sources */,
				F29F1CF32A26931000319E4C /* AppDelegate.swift in Sources */,
				F25272092A270C1C00D02EE0 /* User.swift in Sources */,
				F29F1CF52A26931000319E4C /* SceneDelegate.swift in Sources */,
				F20970552A27AD630002B39C /* UserListTableViewCell.swift in Sources */,
			);
			runOnlyForDeploymentPostprocessing = 0;
		};
		F29F1D012A26931300319E4C /* Sources */ = {
			isa = PBXSourcesBuildPhase;
			buildActionMask = 2147483647;
			files = (
				F29F1D0A2A26931300319E4C /* inmetrics_challengeTests.swift in Sources */,
			);
			runOnlyForDeploymentPostprocessing = 0;
		};
		F29F1D0B2A26931300319E4C /* Sources */ = {
			isa = PBXSourcesBuildPhase;
			buildActionMask = 2147483647;
			files = (
				F29F1D142A26931300319E4C /* inmetrics_challengeUITests.swift in Sources */,
				F29F1D162A26931300319E4C /* inmetrics_challengeUITestsLaunchTests.swift in Sources */,
			);
			runOnlyForDeploymentPostprocessing = 0;
		};
/* End PBXSourcesBuildPhase section */

/* Begin PBXTargetDependency section */
		F29F1D072A26931300319E4C /* PBXTargetDependency */ = {
			isa = PBXTargetDependency;
			target = F29F1CEE2A26931000319E4C /* inmetrics-challenge */;
			targetProxy = F29F1D062A26931300319E4C /* PBXContainerItemProxy */;
		};
		F29F1D112A26931300319E4C /* PBXTargetDependency */ = {
			isa = PBXTargetDependency;
			target = F29F1CEE2A26931000319E4C /* inmetrics-challenge */;
			targetProxy = F29F1D102A26931300319E4C /* PBXContainerItemProxy */;
		};
/* End PBXTargetDependency section */

/* Begin PBXVariantGroup section */
		F29F1CFD2A26931200319E4C /* LaunchScreen.storyboard */ = {
			isa = PBXVariantGroup;
			children = (
				F29F1CFE2A26931200319E4C /* Base */,
			);
			name = LaunchScreen.storyboard;
			sourceTree = "<group>";
		};
/* End PBXVariantGroup section */

/* Begin XCBuildConfiguration section */
		F29F1D172A26931300319E4C /* Debug */ = {
			isa = XCBuildConfiguration;
			buildSettings = {
				ALWAYS_SEARCH_USER_PATHS = NO;
				CLANG_ANALYZER_NONNULL = YES;
				CLANG_ANALYZER_NUMBER_OBJECT_CONVERSION = YES_AGGRESSIVE;
				CLANG_CXX_LANGUAGE_STANDARD = "gnu++20";
				CLANG_ENABLE_MODULES = YES;
				CLANG_ENABLE_OBJC_ARC = YES;
				CLANG_ENABLE_OBJC_WEAK = YES;
				CLANG_WARN_BLOCK_CAPTURE_AUTORELEASING = YES;
				CLANG_WARN_BOOL_CONVERSION = YES;
				CLANG_WARN_COMMA = YES;
				CLANG_WARN_CONSTANT_CONVERSION = YES;
				CLANG_WARN_DEPRECATED_OBJC_IMPLEMENTATIONS = YES;
				CLANG_WARN_DIRECT_OBJC_ISA_USAGE = YES_ERROR;
				CLANG_WARN_DOCUMENTATION_COMMENTS = YES;
				CLANG_WARN_EMPTY_BODY = YES;
				CLANG_WARN_ENUM_CONVERSION = YES;
				CLANG_WARN_INFINITE_RECURSION = YES;
				CLANG_WARN_INT_CONVERSION = YES;
				CLANG_WARN_NON_LITERAL_NULL_CONVERSION = YES;
				CLANG_WARN_OBJC_IMPLICIT_RETAIN_SELF = YES;
				CLANG_WARN_OBJC_LITERAL_CONVERSION = YES;
				CLANG_WARN_OBJC_ROOT_CLASS = YES_ERROR;
				CLANG_WARN_QUOTED_INCLUDE_IN_FRAMEWORK_HEADER = YES;
				CLANG_WARN_RANGE_LOOP_ANALYSIS = YES;
				CLANG_WARN_STRICT_PROTOTYPES = YES;
				CLANG_WARN_SUSPICIOUS_MOVE = YES;
				CLANG_WARN_UNGUARDED_AVAILABILITY = YES_AGGRESSIVE;
				CLANG_WARN_UNREACHABLE_CODE = YES;
				CLANG_WARN__DUPLICATE_METHOD_MATCH = YES;
				COPY_PHASE_STRIP = NO;
				DEBUG_INFORMATION_FORMAT = dwarf;
				ENABLE_STRICT_OBJC_MSGSEND = YES;
				ENABLE_TESTABILITY = YES;
				GCC_C_LANGUAGE_STANDARD = gnu11;
				GCC_DYNAMIC_NO_PIC = NO;
				GCC_NO_COMMON_BLOCKS = YES;
				GCC_OPTIMIZATION_LEVEL = 0;
				GCC_PREPROCESSOR_DEFINITIONS = (
					"DEBUG=1",
					"$(inherited)",
				);
				GCC_WARN_64_TO_32_BIT_CONVERSION = YES;
				GCC_WARN_ABOUT_RETURN_TYPE = YES_ERROR;
				GCC_WARN_UNDECLARED_SELECTOR = YES;
				GCC_WARN_UNINITIALIZED_AUTOS = YES_AGGRESSIVE;
				GCC_WARN_UNUSED_FUNCTION = YES;
				GCC_WARN_UNUSED_VARIABLE = YES;
				IPHONEOS_DEPLOYMENT_TARGET = 16.2;
				MTL_ENABLE_DEBUG_INFO = INCLUDE_SOURCE;
				MTL_FAST_MATH = YES;
				ONLY_ACTIVE_ARCH = YES;
				SDKROOT = iphoneos;
				SWIFT_ACTIVE_COMPILATION_CONDITIONS = DEBUG;
				SWIFT_OPTIMIZATION_LEVEL = "-Onone";
			};
			name = Debug;
		};
		F29F1D182A26931300319E4C /* Release */ = {
			isa = XCBuildConfiguration;
			buildSettings = {
				ALWAYS_SEARCH_USER_PATHS = NO;
				CLANG_ANALYZER_NONNULL = YES;
				CLANG_ANALYZER_NUMBER_OBJECT_CONVERSION = YES_AGGRESSIVE;
				CLANG_CXX_LANGUAGE_STANDARD = "gnu++20";
				CLANG_ENABLE_MODULES = YES;
				CLANG_ENABLE_OBJC_ARC = YES;
				CLANG_ENABLE_OBJC_WEAK = YES;
				CLANG_WARN_BLOCK_CAPTURE_AUTORELEASING = YES;
				CLANG_WARN_BOOL_CONVERSION = YES;
				CLANG_WARN_COMMA = YES;
				CLANG_WARN_CONSTANT_CONVERSION = YES;
				CLANG_WARN_DEPRECATED_OBJC_IMPLEMENTATIONS = YES;
				CLANG_WARN_DIRECT_OBJC_ISA_USAGE = YES_ERROR;
				CLANG_WARN_DOCUMENTATION_COMMENTS = YES;
				CLANG_WARN_EMPTY_BODY = YES;
				CLANG_WARN_ENUM_CONVERSION = YES;
				CLANG_WARN_INFINITE_RECURSION = YES;
				CLANG_WARN_INT_CONVERSION = YES;
				CLANG_WARN_NON_LITERAL_NULL_CONVERSION = YES;
				CLANG_WARN_OBJC_IMPLICIT_RETAIN_SELF = YES;
				CLANG_WARN_OBJC_LITERAL_CONVERSION = YES;
				CLANG_WARN_OBJC_ROOT_CLASS = YES_ERROR;
				CLANG_WARN_QUOTED_INCLUDE_IN_FRAMEWORK_HEADER = YES;
				CLANG_WARN_RANGE_LOOP_ANALYSIS = YES;
				CLANG_WARN_STRICT_PROTOTYPES = YES;
				CLANG_WARN_SUSPICIOUS_MOVE = YES;
				CLANG_WARN_UNGUARDED_AVAILABILITY = YES_AGGRESSIVE;
				CLANG_WARN_UNREACHABLE_CODE = YES;
				CLANG_WARN__DUPLICATE_METHOD_MATCH = YES;
				COPY_PHASE_STRIP = NO;
				DEBUG_INFORMATION_FORMAT = "dwarf-with-dsym";
				ENABLE_NS_ASSERTIONS = NO;
				ENABLE_STRICT_OBJC_MSGSEND = YES;
				GCC_C_LANGUAGE_STANDARD = gnu11;
				GCC_NO_COMMON_BLOCKS = YES;
				GCC_WARN_64_TO_32_BIT_CONVERSION = YES;
				GCC_WARN_ABOUT_RETURN_TYPE = YES_ERROR;
				GCC_WARN_UNDECLARED_SELECTOR = YES;
				GCC_WARN_UNINITIALIZED_AUTOS = YES_AGGRESSIVE;
				GCC_WARN_UNUSED_FUNCTION = YES;
				GCC_WARN_UNUSED_VARIABLE = YES;
				IPHONEOS_DEPLOYMENT_TARGET = 16.2;
				MTL_ENABLE_DEBUG_INFO = NO;
				MTL_FAST_MATH = YES;
				SDKROOT = iphoneos;
				SWIFT_COMPILATION_MODE = wholemodule;
				SWIFT_OPTIMIZATION_LEVEL = "-O";
				VALIDATE_PRODUCT = YES;
			};
			name = Release;
		};
		F29F1D1A2A26931300319E4C /* Debug */ = {
			isa = XCBuildConfiguration;
			baseConfigurationReference = 6D723095C5C55022DFB4C78E /* Pods-inmetrics-challenge.debug.xcconfig */;
			buildSettings = {
				ASSETCATALOG_COMPILER_APPICON_NAME = AppIcon;
				ASSETCATALOG_COMPILER_GLOBAL_ACCENT_COLOR_NAME = AccentColor;
				CODE_SIGN_STYLE = Automatic;
				CURRENT_PROJECT_VERSION = 1;
				DEVELOPMENT_TEAM = 6R73P3M5QG;
				GENERATE_INFOPLIST_FILE = YES;
				INFOPLIST_FILE = "inmetrics-challenge/Info.plist";
				INFOPLIST_KEY_UIApplicationSupportsIndirectInputEvents = YES;
				INFOPLIST_KEY_UILaunchStoryboardName = LaunchScreen;
				INFOPLIST_KEY_UISupportedInterfaceOrientations_iPad = "UIInterfaceOrientationPortrait UIInterfaceOrientationPortraitUpsideDown UIInterfaceOrientationLandscapeLeft UIInterfaceOrientationLandscapeRight";
				INFOPLIST_KEY_UISupportedInterfaceOrientations_iPhone = "UIInterfaceOrientationPortrait UIInterfaceOrientationLandscapeLeft UIInterfaceOrientationLandscapeRight";
				LD_RUNPATH_SEARCH_PATHS = (
					"$(inherited)",
					"@executable_path/Frameworks",
				);
				MARKETING_VERSION = 1.0;
				PRODUCT_BUNDLE_IDENTIFIER = "matela.inmetrics-challenge";
				PRODUCT_NAME = "$(TARGET_NAME)";
				SWIFT_EMIT_LOC_STRINGS = YES;
				SWIFT_VERSION = 5.0;
				TARGETED_DEVICE_FAMILY = "1,2";
			};
			name = Debug;
		};
		F29F1D1B2A26931300319E4C /* Release */ = {
			isa = XCBuildConfiguration;
			baseConfigurationReference = 3273482CC9596AFC3FA17491 /* Pods-inmetrics-challenge.release.xcconfig */;
			buildSettings = {
				ASSETCATALOG_COMPILER_APPICON_NAME = AppIcon;
				ASSETCATALOG_COMPILER_GLOBAL_ACCENT_COLOR_NAME = AccentColor;
				CODE_SIGN_STYLE = Automatic;
				CURRENT_PROJECT_VERSION = 1;
				DEVELOPMENT_TEAM = 6R73P3M5QG;
				GENERATE_INFOPLIST_FILE = YES;
				INFOPLIST_FILE = "inmetrics-challenge/Info.plist";
				INFOPLIST_KEY_UIApplicationSupportsIndirectInputEvents = YES;
				INFOPLIST_KEY_UILaunchStoryboardName = LaunchScreen;
				INFOPLIST_KEY_UISupportedInterfaceOrientations_iPad = "UIInterfaceOrientationPortrait UIInterfaceOrientationPortraitUpsideDown UIInterfaceOrientationLandscapeLeft UIInterfaceOrientationLandscapeRight";
				INFOPLIST_KEY_UISupportedInterfaceOrientations_iPhone = "UIInterfaceOrientationPortrait UIInterfaceOrientationLandscapeLeft UIInterfaceOrientationLandscapeRight";
				LD_RUNPATH_SEARCH_PATHS = (
					"$(inherited)",
					"@executable_path/Frameworks",
				);
				MARKETING_VERSION = 1.0;
				PRODUCT_BUNDLE_IDENTIFIER = "matela.inmetrics-challenge";
				PRODUCT_NAME = "$(TARGET_NAME)";
				SWIFT_EMIT_LOC_STRINGS = YES;
				SWIFT_VERSION = 5.0;
				TARGETED_DEVICE_FAMILY = "1,2";
			};
			name = Release;
		};
		F29F1D1D2A26931300319E4C /* Debug */ = {
			isa = XCBuildConfiguration;
			buildSettings = {
				ALWAYS_EMBED_SWIFT_STANDARD_LIBRARIES = YES;
				BUNDLE_LOADER = "$(TEST_HOST)";
				CODE_SIGN_STYLE = Automatic;
				CURRENT_PROJECT_VERSION = 1;
				DEVELOPMENT_TEAM = 6R73P3M5QG;
				GENERATE_INFOPLIST_FILE = YES;
				IPHONEOS_DEPLOYMENT_TARGET = 16.2;
				MARKETING_VERSION = 1.0;
				PRODUCT_BUNDLE_IDENTIFIER = "matela.inmetrics-challengeTests";
				PRODUCT_NAME = "$(TARGET_NAME)";
				SWIFT_EMIT_LOC_STRINGS = NO;
				SWIFT_VERSION = 5.0;
				TARGETED_DEVICE_FAMILY = "1,2";
				TEST_HOST = "$(BUILT_PRODUCTS_DIR)/inmetrics-challenge.app/$(BUNDLE_EXECUTABLE_FOLDER_PATH)/inmetrics-challenge";
			};
			name = Debug;
		};
		F29F1D1E2A26931300319E4C /* Release */ = {
			isa = XCBuildConfiguration;
			buildSettings = {
				ALWAYS_EMBED_SWIFT_STANDARD_LIBRARIES = YES;
				BUNDLE_LOADER = "$(TEST_HOST)";
				CODE_SIGN_STYLE = Automatic;
				CURRENT_PROJECT_VERSION = 1;
				DEVELOPMENT_TEAM = 6R73P3M5QG;
				GENERATE_INFOPLIST_FILE = YES;
				IPHONEOS_DEPLOYMENT_TARGET = 16.2;
				MARKETING_VERSION = 1.0;
				PRODUCT_BUNDLE_IDENTIFIER = "matela.inmetrics-challengeTests";
				PRODUCT_NAME = "$(TARGET_NAME)";
				SWIFT_EMIT_LOC_STRINGS = NO;
				SWIFT_VERSION = 5.0;
				TARGETED_DEVICE_FAMILY = "1,2";
				TEST_HOST = "$(BUILT_PRODUCTS_DIR)/inmetrics-challenge.app/$(BUNDLE_EXECUTABLE_FOLDER_PATH)/inmetrics-challenge";
			};
			name = Release;
		};
		F29F1D202A26931300319E4C /* Debug */ = {
			isa = XCBuildConfiguration;
			buildSettings = {
				ALWAYS_EMBED_SWIFT_STANDARD_LIBRARIES = YES;
				CODE_SIGN_STYLE = Automatic;
				CURRENT_PROJECT_VERSION = 1;
				DEVELOPMENT_TEAM = 6R73P3M5QG;
				GENERATE_INFOPLIST_FILE = YES;
				MARKETING_VERSION = 1.0;
				PRODUCT_BUNDLE_IDENTIFIER = "matela.inmetrics-challengeUITests";
				PRODUCT_NAME = "$(TARGET_NAME)";
				SWIFT_EMIT_LOC_STRINGS = NO;
				SWIFT_VERSION = 5.0;
				TARGETED_DEVICE_FAMILY = "1,2";
				TEST_TARGET_NAME = "inmetrics-challenge";
			};
			name = Debug;
		};
		F29F1D212A26931300319E4C /* Release */ = {
			isa = XCBuildConfiguration;
			buildSettings = {
				ALWAYS_EMBED_SWIFT_STANDARD_LIBRARIES = YES;
				CODE_SIGN_STYLE = Automatic;
				CURRENT_PROJECT_VERSION = 1;
				DEVELOPMENT_TEAM = 6R73P3M5QG;
				GENERATE_INFOPLIST_FILE = YES;
				MARKETING_VERSION = 1.0;
				PRODUCT_BUNDLE_IDENTIFIER = "matela.inmetrics-challengeUITests";
				PRODUCT_NAME = "$(TARGET_NAME)";
				SWIFT_EMIT_LOC_STRINGS = NO;
				SWIFT_VERSION = 5.0;
				TARGETED_DEVICE_FAMILY = "1,2";
				TEST_TARGET_NAME = "inmetrics-challenge";
			};
			name = Release;
		};
/* End XCBuildConfiguration section */

/* Begin XCConfigurationList section */
		F29F1CEA2A26931000319E4C /* Build configuration list for PBXProject "inmetrics-challenge" */ = {
			isa = XCConfigurationList;
			buildConfigurations = (
				F29F1D172A26931300319E4C /* Debug */,
				F29F1D182A26931300319E4C /* Release */,
			);
			defaultConfigurationIsVisible = 0;
			defaultConfigurationName = Release;
		};
		F29F1D192A26931300319E4C /* Build configuration list for PBXNativeTarget "inmetrics-challenge" */ = {
			isa = XCConfigurationList;
			buildConfigurations = (
				F29F1D1A2A26931300319E4C /* Debug */,
				F29F1D1B2A26931300319E4C /* Release */,
			);
			defaultConfigurationIsVisible = 0;
			defaultConfigurationName = Release;
		};
		F29F1D1C2A26931300319E4C /* Build configuration list for PBXNativeTarget "inmetrics-challengeTests" */ = {
			isa = XCConfigurationList;
			buildConfigurations = (
				F29F1D1D2A26931300319E4C /* Debug */,
				F29F1D1E2A26931300319E4C /* Release */,
			);
			defaultConfigurationIsVisible = 0;
			defaultConfigurationName = Release;
		};
		F29F1D1F2A26931300319E4C /* Build configuration list for PBXNativeTarget "inmetrics-challengeUITests" */ = {
			isa = XCConfigurationList;
			buildConfigurations = (
				F29F1D202A26931300319E4C /* Debug */,
				F29F1D212A26931300319E4C /* Release */,
			);
			defaultConfigurationIsVisible = 0;
			defaultConfigurationName = Release;
		};
/* End XCConfigurationList section */
	};
	rootObject = F29F1CE72A26931000319E4C /* Project object */;
}
